[1mdiff --git a/cline/CLINE_CONTEXT.xml b/cline/CLINE_CONTEXT.xml[m
[1mindex 0f2366e..4be4e8b 100644[m
[1m--- a/cline/CLINE_CONTEXT.xml[m
[1m+++ b/cline/CLINE_CONTEXT.xml[m
[36m@@ -107,6 +107,22 @@[m
       Take a first stab at writing master_plan_v1_impl.md.  Solicit my feedback[m
     </recent-tasks>[m
     <current-task>[m
[31m-    (1) print out recursively the file tree under cline/coach_planning/state_machine_planning, as I moved stuff around and I want you to observe the new directory structure.  (2) Write a doc cline/coach_planning/state_machine_planning/README.md which explains (to future AI assistant sessions) how these docs are structured and how they should be used, particularly how the markdown files reference detail files that can be read as-needed.  (3) re-read @/cline/coach_planning/state_machine_planning/v1/master_plan_v1.md  as it proposes that we create an executor for actions.  The coach should invoke that service rather than implementing it itself.  [m
[32m+[m[32m      Troubleshoot:[m
[32m+[m
[32m+[m[32m      <output>[m
[32m+[m[32m      (venv) ➜  identity-generator git:(caseywschmid/openai-responses-api) python backend/src/discovita/service/openai/examples/function_calling_example.py[m[41m [m
[32m+[m[32mTraceback (most recent call last):[m
[32m+[m[32m  File "/Users/jakemirra/workspace/discovita/identity-generator/backend/src/discovita/service/openai/examples/function_calling_example.py", line 19, in <module>[m
[32m+[m[32m    from discovita.service.openai.client import OpenAIClient[m
[32m+[m[32m  File "/Users/jakemirra/workspace/discovita/identity-generator/backend/src/discovita/service/openai/client/__init__.py", line 3, in <module>[m
[32m+[m[32m    from .client import OpenAIClient[m
[32m+[m[32m  File "/Users/jakemirra/workspace/discovita/identity-generator/backend/src/discovita/service/openai/client/client.py", line 7, in <module>[m
[32m+[m[32m    from discovita.service.openai.models.llm_response import LLMResponseModel[m
[32m+[m[32m  File "/Users/jakemirra/workspace/discovita/identity-generator/backend/src/discovita/service/openai/models/__init__.py", line 21, in <module>[m
[32m+[m[32m    from .responses import ([m
[32m+[m[32m  File "/Users/jakemirra/workspace/discovita/identity-generator/backend/src/discovita/service/openai/models/responses/__init__.py", line 6, in <module>[m
[32m+[m[32m    from openai.types.responses import FunctionTool, ResponseFunctionToolCall, Response as OpenAIResponse[m
[32m+[m[32mModuleNotFoundError: No module named 'openai.types.responses'[m
[32m+[m[32m      </output>[m
     </current-task>[m
 </cline-context>[m
